
Microsoft Visual Studio Solution File, Format Version 12.00
# Visual Studio Version 16
VisualStudioVersion = 16.0.31624.102
MinimumVisualStudioVersion = 10.0.40219.1
Project("{FAE04EC0-301F-11D3-BF4B-00C04F79EFBC}") = "LoadBalancerReact", "LoadBalancerReact\LoadBalancerReact.csproj", "{BF8C288D-9C24-478D-9E01-57FE73157FEB}"
EndProject
Project("{E53339B2-1760-4266-BCC7-CA923CBCF16C}") = "docker-compose", "docker-compose.dcproj", "{B925E7AA-CF93-48CB-96CD-6665F5AE0EB9}"
EndProject
Global
	GlobalSection(SolutionConfigurationPlatforms) = preSolution
		Debug|Any CPU = Debug|Any CPU
		Release|Any CPU = Release|Any CPU
	EndGlobalSection
	GlobalSection(ProjectConfigurationPlatforms) = postSolution
		{BF8C288D-9C24-478D-9E01-57FE73157FEB}.Debug|Any CPU.ActiveCfg = Debug|Any CPU
		{BF8C288D-9C24-478D-9E01-57FE73157FEB}.Debug|Any CPU.Build.0 = Debug|Any CPU
		{BF8C288D-9C24-478D-9E01-57FE73157FEB}.Release|Any CPU.ActiveCfg = Release|Any CPU
		{BF8C288D-9C24-478D-9E01-57FE73157FEB}.Release|Any CPU.Build.0 = Release|Any CPU
		{B925E7AA-CF93-48CB-96CD-6665F5AE0EB9}.Debug|Any CPU.ActiveCfg = Debug|Any CPU
		{B925E7AA-CF93-48CB-96CD-6665F5AE0EB9}.Debug|Any CPU.Build.0 = Debug|Any CPU
		{B925E7AA-CF93-48CB-96CD-6665F5AE0EB9}.Release|Any CPU.ActiveCfg = Release|Any CPU
		{B925E7AA-CF93-48CB-96CD-6665F5AE0EB9}.Release|Any CPU.Build.0 = Release|Any CPU
	EndGlobalSection
	GlobalSection(SolutionProperties) = preSolution
		HideSolutionNode = FALSE
	EndGlobalSection
	GlobalSection(ExtensibilityGlobals) = postSolution
		SolutionGuid = {23B24953-DA40-40C3-BDD7-DAEAF2DF2AEB}
	EndGlobalSection
EndGlobal
